{
  "originHash" : "de6fa47ade25b1f2a8254163d0013ec63204cd0d50049c0fe0b3472f7af90692",
  "pins" : [
    {
      "identity" : "grdb.swift",
      "kind" : "remoteSourceControl",
      "location" : "https://github.com/scade-platform/GRDB.swift.git",
      "state" : {
        "branch" : "android_support",
        "revision" : "ca37d76cfb780c5126f92f80bee7cc80db5cac68"
      }
    },
    {
      "identity" : "swift-argument-parser",
      "kind" : "remoteSourceControl",
      "location" : "https://github.com/apple/swift-argument-parser.git",
      "state" : {
        "revision" : "309a47b2b1d9b5e991f36961c983ecec72275be3",
        "version" : "1.6.1"
      }
    },
    {
      "identity" : "swift-syntax",
      "kind" : "remoteSourceControl",
      "location" : "https://github.com/apple/swift-syntax.git",
      "state" : {
        "revision" : "0687f71944021d616d34d922343dcef086855920",
        "version" : "600.0.1"
      }
    },
    {
      "identity" : "swift4j",
      "kind" : "remoteSourceControl",
      "location" : "https://github.com/scade-platform/swift4j.git",
      "state" : {
        "revision" : "0759f8570cf2e0782822f517513952ad25943e93",
        "version" : "1.3.0"
      }
    }
  ],
  "version" : 3
}
