{
  "originHash" : "a0ba28681cb675bddf06ebe9a176995414e6b86d7d0fd8c2eab23110e5ce9f68",
  "pins" : [
    {
      "identity" : "grdb.swift",
      "kind" : "remoteSourceControl",
      "location" : "https://github.com/scade-platform/GRDB.swift.git",
      "state" : {
        "branch" : "android_support",
        "revision" : "ca37d76cfb780c5126f92f80bee7cc80db5cac68"
      }
    },
    {
      "identity" : "swift-argument-parser",
      "kind" : "remoteSourceControl",
      "location" : "https://github.com/apple/swift-argument-parser.git",
      "state" : {
        "revision" : "41982a3656a71c768319979febd796c6fd111d5c",
        "version" : "1.5.0"
      }
    },
    {
      "identity" : "swift-syntax",
      "kind" : "remoteSourceControl",
      "location" : "https://github.com/apple/swift-syntax.git",
      "state" : {
        "revision" : "0687f71944021d616d34d922343dcef086855920",
        "version" : "600.0.1"
      }
    },
    {
      "identity" : "swift4j",
      "kind" : "remoteSourceControl",
      "location" : "https://github.com/scade-platform/swift4j.git",
      "state" : {
        "revision" : "3d389c20d2f65cd2967df4c6bfdeb2adbc172ea2",
        "version" : "1.2.0"
      }
    }
  ],
  "version" : 3
}
