{
  "originHash" : "2a37b3685e2d1d2e6a59f621f035c14d0917f2f0a337818336dde5e2d109e3cc",
  "pins" : [
    {
      "identity" : "swift-argument-parser",
      "kind" : "remoteSourceControl",
      "location" : "https://github.com/apple/swift-argument-parser.git",
      "state" : {
        "revision" : "309a47b2b1d9b5e991f36961c983ecec72275be3",
        "version" : "1.6.1"
      }
    },
    {
      "identity" : "swift-syntax",
      "kind" : "remoteSourceControl",
      "location" : "https://github.com/apple/swift-syntax.git",
      "state" : {
        "revision" : "0687f71944021d616d34d922343dcef086855920",
        "version" : "600.0.1"
      }
    },
    {
      "identity" : "swift4j",
      "kind" : "remoteSourceControl",
      "location" : "https://github.com/scade-platform/swift4j.git",
      "state" : {
        "revision" : "acdadcbb1d28bf9197a8f5719b7d6856cc0e7e93",
        "version" : "1.2.1"
      }
    },
    {
      "identity" : "swiftyjson",
      "kind" : "remoteSourceControl",
      "location" : "https://github.com/scade-platform/SwiftyJSON.git",
      "state" : {
        "branch" : "3594d05",
        "revision" : "3594d05dfc1e55fe9319e5c08ee9a5b23b81d117"
      }
    }
  ],
  "version" : 3
}
