{
  "originHash" : "cd5c6b9db6a9d65f06905fb191d867d6ebace000ee56f92d56c04e07e7e5f521",
  "pins" : [
    {
      "identity" : "swift-argument-parser",
      "kind" : "remoteSourceControl",
      "location" : "https://github.com/apple/swift-argument-parser.git",
      "state" : {
        "revision" : "309a47b2b1d9b5e991f36961c983ecec72275be3",
        "version" : "1.6.1"
      }
    },
    {
      "identity" : "swift-syntax",
      "kind" : "remoteSourceControl",
      "location" : "https://github.com/apple/swift-syntax.git",
      "state" : {
        "revision" : "0687f71944021d616d34d922343dcef086855920",
        "version" : "600.0.1"
      }
    },
    {
      "identity" : "swift4j",
      "kind" : "remoteSourceControl",
      "location" : "https://github.com/scade-platform/swift4j.git",
      "state" : {
        "revision" : "acdadcbb1d28bf9197a8f5719b7d6856cc0e7e93",
        "version" : "1.2.1"
      }
    }
  ],
  "version" : 3
}
