{
  "originHash" : "dddfb22885baf9780a623228ba87c4edca1a213d42db07052b06b156f57793b2",
  "pins" : [
    {
      "identity" : "swift-argument-parser",
      "kind" : "remoteSourceControl",
      "location" : "https://github.com/apple/swift-argument-parser.git",
      "state" : {
        "revision" : "309a47b2b1d9b5e991f36961c983ecec72275be3",
        "version" : "1.6.1"
      }
    },
    {
      "identity" : "swift-syntax",
      "kind" : "remoteSourceControl",
      "location" : "https://github.com/apple/swift-syntax.git",
      "state" : {
        "revision" : "0687f71944021d616d34d922343dcef086855920",
        "version" : "600.0.1"
      }
    },
    {
      "identity" : "swift4j",
      "kind" : "remoteSourceControl",
      "location" : "https://github.com/scade-platform/swift4j.git",
      "state" : {
        "revision" : "c302c5565da4942fd8a03a3209b9ed2af57e6821",
        "version" : "1.3.0"
      }
    }
  ],
  "version" : 3
}
