{
  "originHash" : "823b059a1077b1e7fb4afe1c4fa6f3b137d9932ecf8ef2f5787c5c3a77fafc07",
  "pins" : [
    {
      "identity" : "swift-argument-parser",
      "kind" : "remoteSourceControl",
      "location" : "https://github.com/apple/swift-argument-parser.git",
      "state" : {
        "revision" : "309a47b2b1d9b5e991f36961c983ecec72275be3",
        "version" : "1.6.1"
      }
    },
    {
      "identity" : "swift-syntax",
      "kind" : "remoteSourceControl",
      "location" : "https://github.com/apple/swift-syntax.git",
      "state" : {
        "revision" : "0687f71944021d616d34d922343dcef086855920",
        "version" : "600.0.1"
      }
    },
    {
      "identity" : "swift4j",
      "kind" : "remoteSourceControl",
      "location" : "https://github.com/scade-platform/swift4j.git",
      "state" : {
        "branch" : "main",
        "revision" : "1be6f7f8540e3333a1ec2ad6f2d595fb8c2898d5"
      }
    }
  ],
  "version" : 3
}
